
Microsoft Visual Studio Solution File, Format Version 12.00
# Visual Studio Version 17
VisualStudioVersion = 17.5.33516.290
MinimumVisualStudioVersion = 10.0.40219.1
Project("{FAE04EC0-301F-11D3-BF4B-00C04F79EFBC}") = "WebHotel", "testapinet6\WebHotel.csproj", "{3EAD6EDF-6CD4-475D-A4B5-9D3BA916F221}"
EndProject
Global
	GlobalSection(SolutionConfigurationPlatforms) = preSolution
		Debug|Any CPU = Debug|Any CPU
		Release|Any CPU = Release|Any CPU
	EndGlobalSection
	GlobalSection(ProjectConfigurationPlatforms) = postSolution
		{3EAD6EDF-6CD4-475D-A4B5-9D3BA916F221}.Debug|Any CPU.ActiveCfg = Debug|Any CPU
		{3EAD6EDF-6CD4-475D-A4B5-9D3BA916F221}.Debug|Any CPU.Build.0 = Debug|Any CPU
		{3EAD6EDF-6CD4-475D-A4B5-9D3BA916F221}.Release|Any CPU.ActiveCfg = Release|Any CPU
		{3EAD6EDF-6CD4-475D-A4B5-9D3BA916F221}.Release|Any CPU.Build.0 = Release|Any CPU
	EndGlobalSection
	GlobalSection(SolutionProperties) = preSolution
		HideSolutionNode = FALSE
	EndGlobalSection
	GlobalSection(ExtensibilityGlobals) = postSolution
		SolutionGuid = {3A2A12DC-FEEA-4920-8F08-9C628F4D97F1}
	EndGlobalSection
EndGlobal
